// !$*UTF8*$!
{
	archiveVersion = 1;
	classes = {
	};
	objectVersion = 50;
	objects = {

/* Begin PBXBuildFile section */
		462D503F226E11B200868768 /* AppDelegate.swift in Sources */ = {isa = PBXBuildFile; fileRef = 462D503E226E11B200868768 /* AppDelegate.swift */; };
		462D5041226E11B200868768 /* HomeCollectionViewController.swift in Sources */ = {isa = PBXBuildFile; fileRef = 462D5040226E11B200868768 /* HomeCollectionViewController.swift */; };
		462D5044226E11B200868768 /* Main.storyboard in Resources */ = {isa = PBXBuildFile; fileRef = 462D5042226E11B200868768 /* Main.storyboard */; };
		462D5047226E11B200868768 /* Pinterest_SoulVana.xcdatamodeld in Sources */ = {isa = PBXBuildFile; fileRef = 462D5045226E11B200868768 /* Pinterest_SoulVana.xcdatamodeld */; };
		462D5049226E11B700868768 /* Assets.xcassets in Resources */ = {isa = PBXBuildFile; fileRef = 462D5048226E11B700868768 /* Assets.xcassets */; };
		462D504C226E11B700868768 /* LaunchScreen.storyboard in Resources */ = {isa = PBXBuildFile; fileRef = 462D504A226E11B700868768 /* LaunchScreen.storyboard */; };
		462D5065226F312600868768 /* HomePinCell.swift in Sources */ = {isa = PBXBuildFile; fileRef = 462D5064226F312600868768 /* HomePinCell.swift */; };
		462D5067226F3B1E00868768 /* LoremIpsum.swift in Sources */ = {isa = PBXBuildFile; fileRef = 462D5066226F3B1E00868768 /* LoremIpsum.swift */; };
		462D5069226F853500868768 /* UnsplashImage.swift in Sources */ = {isa = PBXBuildFile; fileRef = 462D5068226F853500868768 /* UnsplashImage.swift */; };
		46E3C80E2273847400511406 /* PopupImageViewController.swift in Sources */ = {isa = PBXBuildFile; fileRef = 46E3C80D2273847400511406 /* PopupImageViewController.swift */; };
/* End PBXBuildFile section */

/* Begin PBXCopyFilesBuildPhase section */
		46E3C84E2273984500511406 /* Embed Frameworks */ = {
			isa = PBXCopyFilesBuildPhase;
			buildActionMask = 2147483647;
			dstPath = "";
			dstSubfolderSpec = 10;
			files = (
			);
			name = "Embed Frameworks";
			runOnlyForDeploymentPostprocessing = 0;
		};
/* End PBXCopyFilesBuildPhase section */

/* Begin PBXFileReference section */
		462D503B226E11B200868768 /* Pinterest-SoulVana.app */ = {isa = PBXFileReference; explicitFileType = wrapper.application; includeInIndex = 0; path = "Pinterest-SoulVana.app"; sourceTree = BUILT_PRODUCTS_DIR; };
		462D503E226E11B200868768 /* AppDelegate.swift */ = {isa = PBXFileReference; lastKnownFileType = sourcecode.swift; path = AppDelegate.swift; sourceTree = "<group>"; };
		462D5040226E11B200868768 /* HomeCollectionViewController.swift */ = {isa = PBXFileReference; lastKnownFileType = sourcecode.swift; path = HomeCollectionViewController.swift; sourceTree = "<group>"; };
		462D5043226E11B200868768 /* Base */ = {isa = PBXFileReference; lastKnownFileType = file.storyboard; name = Base; path = Base.lproj/Main.storyboard; sourceTree = "<group>"; };
		462D5046226E11B200868768 /* Pinterest_SoulVana.xcdatamodel */ = {isa = PBXFileReference; lastKnownFileType = wrapper.xcdatamodel; path = Pinterest_SoulVana.xcdatamodel; sourceTree = "<group>"; };
		462D5048226E11B700868768 /* Assets.xcassets */ = {isa = PBXFileReference; lastKnownFileType = folder.assetcatalog; path = Assets.xcassets; sourceTree = "<group>"; };
		462D504B226E11B700868768 /* Base */ = {isa = PBXFileReference; lastKnownFileType = file.storyboard; name = Base; path = Base.lproj/LaunchScreen.storyboard; sourceTree = "<group>"; };
		462D504D226E11B700868768 /* Info.plist */ = {isa = PBXFileReference; lastKnownFileType = text.plist.xml; path = Info.plist; sourceTree = "<group>"; };
		462D5064226F312600868768 /* HomePinCell.swift */ = {isa = PBXFileReference; lastKnownFileType = sourcecode.swift; path = HomePinCell.swift; sourceTree = "<group>"; };
		462D5066226F3B1E00868768 /* LoremIpsum.swift */ = {isa = PBXFileReference; lastKnownFileType = sourcecode.swift; path = LoremIpsum.swift; sourceTree = "<group>"; };
		462D5068226F853500868768 /* UnsplashImage.swift */ = {isa = PBXFileReference; lastKnownFileType = sourcecode.swift; path = UnsplashImage.swift; sourceTree = "<group>"; };
		46E3C80D2273847400511406 /* PopupImageViewController.swift */ = {isa = PBXFileReference; lastKnownFileType = sourcecode.swift; path = PopupImageViewController.swift; sourceTree = "<group>"; };
/* End PBXFileReference section */

/* Begin PBXFrameworksBuildPhase section */
		462D5038226E11B200868768 /* Frameworks */ = {
			isa = PBXFrameworksBuildPhase;
			buildActionMask = 2147483647;
			files = (
			);
			runOnlyForDeploymentPostprocessing = 0;
		};
/* End PBXFrameworksBuildPhase section */

/* Begin PBXGroup section */
		462D5032226E11B200868768 = {
			isa = PBXGroup;
			children = (
				462D503D226E11B200868768 /* Pinterest-SoulVana */,
				462D503C226E11B200868768 /* Products */,
			);
			sourceTree = "<group>";
		};
		462D503C226E11B200868768 /* Products */ = {
			isa = PBXGroup;
			children = (
				462D503B226E11B200868768 /* Pinterest-SoulVana.app */,
			);
			name = Products;
			sourceTree = "<group>";
		};
		462D503D226E11B200868768 /* Pinterest-SoulVana */ = {
			isa = PBXGroup;
			children = (
				462D5053226E124000868768 /* Classes */,
				462D5058226E127200868768 /* Supporting Files */,
				462D504D226E11B700868768 /* Info.plist */,
				462D5045226E11B200868768 /* Pinterest_SoulVana.xcdatamodeld */,
			);
			path = "Pinterest-SoulVana";
			sourceTree = "<group>";
		};
		462D5053226E124000868768 /* Classes */ = {
			isa = PBXGroup;
			children = (
				462D5054226E124700868768 /* App */,
				462D5057226E125E00868768 /* Views */,
				462D5055226E124C00868768 /* Models */,
				462D5056226E125000868768 /* ViewControllers */,
			);
			path = Classes;
			sourceTree = "<group>";
		};
		462D5054226E124700868768 /* App */ = {
			isa = PBXGroup;
			children = (
				462D503E226E11B200868768 /* AppDelegate.swift */,
			);
			path = App;
			sourceTree = "<group>";
		};
		462D5055226E124C00868768 /* Models */ = {
			isa = PBXGroup;
			children = (
				462D5066226F3B1E00868768 /* LoremIpsum.swift */,
				462D5068226F853500868768 /* UnsplashImage.swift */,
			);
			path = Models;
			sourceTree = "<group>";
		};
		462D5056226E125000868768 /* ViewControllers */ = {
			isa = PBXGroup;
			children = (
				462D5040226E11B200868768 /* HomeCollectionViewController.swift */,
				46E3C80D2273847400511406 /* PopupImageViewController.swift */,
			);
			path = ViewControllers;
			sourceTree = "<group>";
		};
		462D5057226E125E00868768 /* Views */ = {
			isa = PBXGroup;
			children = (
				462D5064226F312600868768 /* HomePinCell.swift */,
			);
			path = Views;
			sourceTree = "<group>";
		};
		462D5058226E127200868768 /* Supporting Files */ = {
			isa = PBXGroup;
			children = (
				462D505A226E128F00868768 /* Images */,
				462D5059226E128000868768 /* Storyboards */,
			);
			path = "Supporting Files";
			sourceTree = "<group>";
		};
		462D5059226E128000868768 /* Storyboards */ = {
			isa = PBXGroup;
			children = (
				462D504A226E11B700868768 /* LaunchScreen.storyboard */,
				462D5042226E11B200868768 /* Main.storyboard */,
			);
			path = Storyboards;
			sourceTree = "<group>";
		};
		462D505A226E128F00868768 /* Images */ = {
			isa = PBXGroup;
			children = (
				462D5048226E11B700868768 /* Assets.xcassets */,
			);
			path = Images;
			sourceTree = "<group>";
		};
/* End PBXGroup section */

/* Begin PBXNativeTarget section */
		462D503A226E11B200868768 /* Pinterest-SoulVana */ = {
			isa = PBXNativeTarget;
			buildConfigurationList = 462D5050226E11B700868768 /* Build configuration list for PBXNativeTarget "Pinterest-SoulVana" */;
			buildPhases = (
				462D5037226E11B200868768 /* Sources */,
				462D5038226E11B200868768 /* Frameworks */,
				462D5039226E11B200868768 /* Resources */,
				46E3C84E2273984500511406 /* Embed Frameworks */,
			);
			buildRules = (
			);
			dependencies = (
			);
			name = "Pinterest-SoulVana";
			productName = "Pinterest-SoulVana";
			productReference = 462D503B226E11B200868768 /* Pinterest-SoulVana.app */;
			productType = "com.apple.product-type.application";
		};
/* End PBXNativeTarget section */

/* Begin PBXProject section */
		462D5033226E11B200868768 /* Project object */ = {
			isa = PBXProject;
			attributes = {
				LastSwiftUpdateCheck = 1010;
				LastUpgradeCheck = 1010;
				ORGANIZATIONNAME = Abhishek.Rathi;
				TargetAttributes = {
					462D503A226E11B200868768 = {
						CreatedOnToolsVersion = 10.1;
					};
				};
			};
			buildConfigurationList = 462D5036226E11B200868768 /* Build configuration list for PBXProject "Pinterest-SoulVana" */;
			compatibilityVersion = "Xcode 9.3";
			developmentRegion = en;
			hasScannedForEncodings = 0;
			knownRegions = (
				en,
				Base,
			);
			mainGroup = 462D5032226E11B200868768;
			productRefGroup = 462D503C226E11B200868768 /* Products */;
			projectDirPath = "";
			projectRoot = "";
			targets = (
				462D503A226E11B200868768 /* Pinterest-SoulVana */,
			);
		};
/* End PBXProject section */

/* Begin PBXResourcesBuildPhase section */
		462D5039226E11B200868768 /* Resources */ = {
			isa = PBXResourcesBuildPhase;
			buildActionMask = 2147483647;
			files = (
				462D504C226E11B700868768 /* LaunchScreen.storyboard in Resources */,
				462D5049226E11B700868768 /* Assets.xcassets in Resources */,
				462D5044226E11B200868768 /* Main.storyboard in Resources */,
			);
			runOnlyForDeploymentPostprocessing = 0;
		};
/* End PBXResourcesBuildPhase section */

/* Begin PBXSourcesBuildPhase section */
		462D5037226E11B200868768 /* Sources */ = {
			isa = PBXSourcesBuildPhase;
			buildActionMask = 2147483647;
			files = (
				462D5067226F3B1E00868768 /* LoremIpsum.swift in Sources */,
				462D5041226E11B200868768 /* HomeCollectionViewController.swift in Sources */,
				462D5047226E11B200868768 /* Pinterest_SoulVana.xcdatamodeld in Sources */,
				46E3C80E2273847400511406 /* PopupImageViewController.swift in Sources */,
				462D5069226F853500868768 /* UnsplashImage.swift in Sources */,
				462D5065226F312600868768 /* HomePinCell.swift in Sources */,
				462D503F226E11B200868768 /* AppDelegate.swift in Sources */,
			);
			runOnlyForDeploymentPostprocessing = 0;
		};
/* End PBXSourcesBuildPhase section */

/* Begin PBXVariantGroup section */
		462D5042226E11B200868768 /* Main.storyboard */ = {
			isa = PBXVariantGroup;
			children = (
				462D5043226E11B200868768 /* Base */,
			);
			name = Main.storyboard;
			sourceTree = "<group>";
		};
		462D504A226E11B700868768 /* LaunchScreen.storyboard */ = {
			isa = PBXVariantGroup;
			children = (
				462D504B226E11B700868768 /* Base */,
			);
			name = LaunchScreen.storyboard;
			sourceTree = "<group>";
		};
/* End PBXVariantGroup section */

/* Begin XCBuildConfiguration section */
		462D504E226E11B700868768 /* Debug */ = {
			isa = XCBuildConfiguration;
			buildSettings = {
				ALWAYS_SEARCH_USER_PATHS = NO;
				CLANG_ANALYZER_NONNULL = YES;
				CLANG_ANALYZER_NUMBER_OBJECT_CONVERSION = YES_AGGRESSIVE;
				CLANG_CXX_LANGUAGE_STANDARD = "gnu++14";
				CLANG_CXX_LIBRARY = "libc++";
				CLANG_ENABLE_MODULES = YES;
				CLANG_ENABLE_OBJC_ARC = YES;
				CLANG_ENABLE_OBJC_WEAK = YES;
				CLANG_WARN_BLOCK_CAPTURE_AUTORELEASING = YES;
				CLANG_WARN_BOOL_CONVERSION = YES;
				CLANG_WARN_COMMA = YES;
				CLANG_WARN_CONSTANT_CONVERSION = YES;
				CLANG_WARN_DEPRECATED_OBJC_IMPLEMENTATIONS = YES;
				CLANG_WARN_DIRECT_OBJC_ISA_USAGE = YES_ERROR;
				CLANG_WARN_DOCUMENTATION_COMMENTS = YES;
				CLANG_WARN_EMPTY_BODY = YES;
				CLANG_WARN_ENUM_CONVERSION = YES;
				CLANG_WARN_INFINITE_RECURSION = YES;
				CLANG_WARN_INT_CONVERSION = YES;
				CLANG_WARN_NON_LITERAL_NULL_CONVERSION = YES;
				CLANG_WARN_OBJC_IMPLICIT_RETAIN_SELF = YES;
				CLANG_WARN_OBJC_LITERAL_CONVERSION = YES;
				CLANG_WARN_OBJC_ROOT_CLASS = YES_ERROR;
				CLANG_WARN_RANGE_LOOP_ANALYSIS = YES;
				CLANG_WARN_STRICT_PROTOTYPES = YES;
				CLANG_WARN_SUSPICIOUS_MOVE = YES;
				CLANG_WARN_UNGUARDED_AVAILABILITY = YES_AGGRESSIVE;
				CLANG_WARN_UNREACHABLE_CODE = YES;
				CLANG_WARN__DUPLICATE_METHOD_MATCH = YES;
				CODE_SIGN_IDENTITY = "iPhone Developer";
				COPY_PHASE_STRIP = NO;
				DEBUG_INFORMATION_FORMAT = dwarf;
				ENABLE_STRICT_OBJC_MSGSEND = YES;
				ENABLE_TESTABILITY = YES;
				GCC_C_LANGUAGE_STANDARD = gnu11;
				GCC_DYNAMIC_NO_PIC = NO;
				GCC_NO_COMMON_BLOCKS = YES;
				GCC_OPTIMIZATION_LEVEL = 0;
				GCC_PREPROCESSOR_DEFINITIONS = (
					"DEBUG=1",
					"$(inherited)",
				);
				GCC_WARN_64_TO_32_BIT_CONVERSION = YES;
				GCC_WARN_ABOUT_RETURN_TYPE = YES_ERROR;
				GCC_WARN_UNDECLARED_SELECTOR = YES;
				GCC_WARN_UNINITIALIZED_AUTOS = YES_AGGRESSIVE;
				GCC_WARN_UNUSED_FUNCTION = YES;
				GCC_WARN_UNUSED_VARIABLE = YES;
				IPHONEOS_DEPLOYMENT_TARGET = 12.1;
				MTL_ENABLE_DEBUG_INFO = INCLUDE_SOURCE;
				MTL_FAST_MATH = YES;
				ONLY_ACTIVE_ARCH = YES;
				SDKROOT = iphoneos;
				SWIFT_ACTIVE_COMPILATION_CONDITIONS = DEBUG;
				SWIFT_OPTIMIZATION_LEVEL = "-Onone";
			};
			name = Debug;
		};
		462D504F226E11B700868768 /* Release */ = {
			isa = XCBuildConfiguration;
			buildSettings = {
				ALWAYS_SEARCH_USER_PATHS = NO;
				CLANG_ANALYZER_NONNULL = YES;
				CLANG_ANALYZER_NUMBER_OBJECT_CONVERSION = YES_AGGRESSIVE;
				CLANG_CXX_LANGUAGE_STANDARD = "gnu++14";
				CLANG_CXX_LIBRARY = "libc++";
				CLANG_ENABLE_MODULES = YES;
				CLANG_ENABLE_OBJC_ARC = YES;
				CLANG_ENABLE_OBJC_WEAK = YES;
				CLANG_WARN_BLOCK_CAPTURE_AUTORELEASING = YES;
				CLANG_WARN_BOOL_CONVERSION = YES;
				CLANG_WARN_COMMA = YES;
				CLANG_WARN_CONSTANT_CONVERSION = YES;
				CLANG_WARN_DEPRECATED_OBJC_IMPLEMENTATIONS = YES;
				CLANG_WARN_DIRECT_OBJC_ISA_USAGE = YES_ERROR;
				CLANG_WARN_DOCUMENTATION_COMMENTS = YES;
				CLANG_WARN_EMPTY_BODY = YES;
				CLANG_WARN_ENUM_CONVERSION = YES;
				CLANG_WARN_INFINITE_RECURSION = YES;
				CLANG_WARN_INT_CONVERSION = YES;
				CLANG_WARN_NON_LITERAL_NULL_CONVERSION = YES;
				CLANG_WARN_OBJC_IMPLICIT_RETAIN_SELF = YES;
				CLANG_WARN_OBJC_LITERAL_CONVERSION = YES;
				CLANG_WARN_OBJC_ROOT_CLASS = YES_ERROR;
				CLANG_WARN_RANGE_LOOP_ANALYSIS = YES;
				CLANG_WARN_STRICT_PROTOTYPES = YES;
				CLANG_WARN_SUSPICIOUS_MOVE = YES;
				CLANG_WARN_UNGUARDED_AVAILABILITY = YES_AGGRESSIVE;
				CLANG_WARN_UNREACHABLE_CODE = YES;
				CLANG_WARN__DUPLICATE_METHOD_MATCH = YES;
				CODE_SIGN_IDENTITY = "iPhone Developer";
				COPY_PHASE_STRIP = NO;
				DEBUG_INFORMATION_FORMAT = "dwarf-with-dsym";
				ENABLE_NS_ASSERTIONS = NO;
				ENABLE_STRICT_OBJC_MSGSEND = YES;
				GCC_C_LANGUAGE_STANDARD = gnu11;
				GCC_NO_COMMON_BLOCKS = YES;
				GCC_WARN_64_TO_32_BIT_CONVERSION = YES;
				GCC_WARN_ABOUT_RETURN_TYPE = YES_ERROR;
				GCC_WARN_UNDECLARED_SELECTOR = YES;
				GCC_WARN_UNINITIALIZED_AUTOS = YES_AGGRESSIVE;
				GCC_WARN_UNUSED_FUNCTION = YES;
				GCC_WARN_UNUSED_VARIABLE = YES;
				IPHONEOS_DEPLOYMENT_TARGET = 12.1;
				MTL_ENABLE_DEBUG_INFO = NO;
				MTL_FAST_MATH = YES;
				SDKROOT = iphoneos;
				SWIFT_COMPILATION_MODE = wholemodule;
				SWIFT_OPTIMIZATION_LEVEL = "-O";
				VALIDATE_PRODUCT = YES;
			};
			name = Release;
		};
		462D5051226E11B700868768 /* Debug */ = {
			isa = XCBuildConfiguration;
			buildSettings = {
				ALWAYS_EMBED_SWIFT_STANDARD_LIBRARIES = YES;
				ASSETCATALOG_COMPILER_APPICON_NAME = AppIcon;
				CODE_SIGN_STYLE = Automatic;
				DEVELOPMENT_TEAM = 68A6P5UR82;
				INFOPLIST_FILE = "Pinterest-SoulVana/Info.plist";
				LD_RUNPATH_SEARCH_PATHS = (
					"$(inherited)",
					"@executable_path/Frameworks",
				);
				PRODUCT_BUNDLE_IDENTIFIER = "com.Abhi.Pinterest-SoulVana";
				PRODUCT_NAME = "$(TARGET_NAME)";
				SWIFT_VERSION = 4.2;
				TARGETED_DEVICE_FAMILY = "1,2";
			};
			name = Debug;
		};
		462D5052226E11B700868768 /* Release */ = {
			isa = XCBuildConfiguration;
			buildSettings = {
				ALWAYS_EMBED_SWIFT_STANDARD_LIBRARIES = YES;
				ASSETCATALOG_COMPILER_APPICON_NAME = AppIcon;
				CODE_SIGN_STYLE = Automatic;
				DEVELOPMENT_TEAM = 68A6P5UR82;
				INFOPLIST_FILE = "Pinterest-SoulVana/Info.plist";
				LD_RUNPATH_SEARCH_PATHS = (
					"$(inherited)",
					"@executable_path/Frameworks",
				);
				PRODUCT_BUNDLE_IDENTIFIER = "com.Abhi.Pinterest-SoulVana";
				PRODUCT_NAME = "$(TARGET_NAME)";
				SWIFT_VERSION = 4.2;
				TARGETED_DEVICE_FAMILY = "1,2";
			};
			name = Release;
		};
/* End XCBuildConfiguration section */

/* Begin XCConfigurationList section */
		462D5036226E11B200868768 /* Build configuration list for PBXProject "Pinterest-SoulVana" */ = {
			isa = XCConfigurationList;
			buildConfigurations = (
				462D504E226E11B700868768 /* Debug */,
				462D504F226E11B700868768 /* Release */,
			);
			defaultConfigurationIsVisible = 0;
			defaultConfigurationName = Release;
		};
		462D5050226E11B700868768 /* Build configuration list for PBXNativeTarget "Pinterest-SoulVana" */ = {
			isa = XCConfigurationList;
			buildConfigurations = (
				462D5051226E11B700868768 /* Debug */,
				462D5052226E11B700868768 /* Release */,
			);
			defaultConfigurationIsVisible = 0;
			defaultConfigurationName = Release;
		};
/* End XCConfigurationList section */

/* Begin XCVersionGroup section */
		462D5045226E11B200868768 /* Pinterest_SoulVana.xcdatamodeld */ = {
			isa = XCVersionGroup;
			children = (
				462D5046226E11B200868768 /* Pinterest_SoulVana.xcdatamodel */,
			);
			currentVersion = 462D5046226E11B200868768 /* Pinterest_SoulVana.xcdatamodel */;
			path = Pinterest_SoulVana.xcdatamodeld;
			sourceTree = "<group>";
			versionGroupType = wrapper.xcdatamodel;
		};
/* End XCVersionGroup section */
	};
	rootObject = 462D5033226E11B200868768 /* Project object */;
}
